github.com/BurntSushi/toml v0.2.1-0.20160426202516-f0aeabca5a12 h1:8dFVzWNyce4k1Zmpd4a0HgqdYpd2o8jOqn2BRAnBHI0=
github.com/BurntSushi/toml v0.2.1-0.20160426202516-f0aeabca5a12/go.mod h1:xHWCNGjB5oqiDr8zfno3MHue2Ht5sIBksp03qcyfWMU=
github.com/GeertJohan/go.rice v0.0.0-20150412125039-42fe5e1e4e35 h1:32XCJOO3bbYZ5g1dt8/Pyv/EFt8UJhS8M2FloXuZ3j8=
github.com/GeertJohan/go.rice v0.0.0-20150412125039-42fe5e1e4e35/go.mod h1:DgrzXonpdQbfN3uYaGz1EG4Sbhyum/MMIn6Cphlh2bw=
github.com/PuerkitoBio/goquery v0.3.3-0.20160629125928-f0d75731e0db h1:fsxDvt5r7iLP/pbcyERxvIX74e5bWl7JCydWyPwkxiI=
github.com/PuerkitoBio/goquery v0.3.3-0.20160629125928-f0d75731e0db/go.mod h1:T9ezsOHcCrDCgA8aF1Cqr3sSYbO/xgdy8/R/XiIMAhA=
github.com/andybalholm/cascadia v0.0.0-20150730174459-3ad29d1ad1c4 h1:I6VYmq9mpk/mxS0TSM46QHNZtkdHv9Tga/E8Pr7Tiac=
github.com/andybalholm/cascadia v0.0.0-20150730174459-3ad29d1ad1c4/go.mod h1:3I+3V7B6gTBYfdpYgIG2ymALS9H+5VDKUl3lHH7ToM4=
github.com/andygrunwald/go-jira v0.0.0-20160619130945-6c73f2f575b0 h1:p4xe+irfZCqw6Mw2ID8gFx/DraFLzKbuTWvGdxWRNTE=
github.com/andygrunwald/go-jira v0.0.0-20160619130945-6c73f2f575b0/go.mod h1:yNYQrX3nGSrVdcVsM2mWz2pm7tTeDtYfRyVEkc3VUiY=
github.com/carlescere/scheduler v0.0.0-20160315234536-5e2cc370dae4 h1:Ydnu+heRZ+iwnDPbcM1QfRLf+zrJh2hFAofF7GWkyQs=
github.com/carlescere/scheduler v0.0.0-20160315234536-5e2cc370dae4/go.mod h1:tyA14J0sA3Hph4dt+AfCjPrYR13+vVodshQSM7km9qw=
github.com/clbanning/mxj v0.0.0-20160502112058-79ba9041a564 h1:37zQb0hR19ldw7LqQlfNjEVxluHUyb8d35HZUoB/RgI=
github.com/clbanning/mxj v0.0.0-20160502112058-79ba9041a564/go.mod h1:BVjHeAH+rl9rs6f+QIpeRl0tfu10SXn1pUSa5PVGJng=
github.com/daaku/go.zipexe v0.0.0-20150329023125-a5fe2436ffcb h1:tUf55Po0vzOendQ7NWytcdK0VuzQmfAgvGBUOQvN0WA=
github.com/daaku/go.zipexe v0.0.0-20150329023125-a5fe2436ffcb/go.mod h1:U0vRfAucUOohvdCxt5MWLF+TePIL0xbCkbKIiV8TQCE=
github.com/fatih/structs v0.0.0-20160510120922-24f3e1df2f5f h1:3Ux44GZ1yrdAfh/Bpa2qV7Cs6RLiJk9MMdDBVqkshcI=
github.com/fatih/structs v0.0.0-20160510120922-24f3e1df2f5f/go.mod h1:9NiDSp5zOcgEDl+j00MP/WkGVPOlPRLejGD8Ga6PJ7M=
github.com/google/go-querystring v0.0.0-20160401233042-9235644dd9e5 h1:oERTZ1buOUYlpmKaqlO5fYmz8cZ1rYu5DieJzF4ZVmU=
github.com/google/go-querystring v0.0.0-20160401233042-9235644dd9e5/go.mod h1:odCYkC5MyYFN7vkCjXpyrEuKhc/BUO6wN/zVPAxq5ck=
github.com/husobee/vestigo v1.0.2-0.20160706201158-2d12235bd0f9 h1:qDj2yJ3CE/H1Vt7vrbXy+1PHn4wnded1VpV4C2MkD7A=
github.com/husobee/vestigo v1.0.2-0.20160706201158-2d12235bd0f9/go.mod h1:JigD7C8lzUfpo1uzqYgefpyZLswrtJbAQxMw7ds7YCE=
github.com/k0kubun/pp v2.2.0+incompatible/go.mod h1:GWse8YhT0p8pT4ir3ZgBbfZild3tgzSScAn6HmfYukg=
github.com/kardianos/osext v0.0.0-20151222153229-29ae4ffbc9a6 h1:yZAE+xNuc/2gmWV+s5UAb43LYLZQiqyngl6IUCQGJg0=
github.com/kardianos/osext v0.0.0-20151222153229-29ae4ffbc9a6/go.mod h1:1NbS8ALrpOvjt0rHPNLyCIeMtbizbir8U//inJ+zuB8=
github.com/karlseguin/gerb v0.0.0-20150209104244-a6088cc65a6b h1:szRr4jWB3NLRxLbnVJlNHuTh8CK3Gd6d6XjgIU051yI=
github.com/karlseguin/gerb v0.0.0-20150209104244-a6088cc65a6b/go.mod h1:ksRPpu8jbsy9zmCYof/g8aBC9r2u/PjgwwofIjHLYVc=
github.com/mattn/go-colorable v0.0.5-0.20160512034114-e8a10ddc7d2a/go.mod h1:9vuHe8Xs5qXnSaW/c/ABM9alt+Vo+STaOChaDxuIBZU=
github.com/streamrail/concurrent-map v0.0.0-20160524090757-65a174a3a418 h1:WKdLUADw/UKnmZodn2j7aJ6CY/Dtii9KS4LiBytr1s4=
github.com/streamrail/concurrent-map v0.0.0-20160524090757-65a174a3a418/go.mod h1:yqDD2twFAqxvvH5gtpwwgLsj5L1kbNwtoPoDOwBzXcs=
github.com/vjeantet/goDashing v0.0.0-20170817154909-e352ed4b3f7d h1:4L0k+axgS8EdGaQCHEBeFhXEwKCz5SpABT4lu0y3DTk=
github.com/vjeantet/goDashing v0.0.0-20170817154909-e352ed4b3f7d/go.mod h1:B3eM+zwGY7ybTXza3oscmKVPpTxK1aL0yyjvRPW8mE4=
golang.org/x/net v0.0.0-20160514011638-30be488e9140 h1:+dffMVxAAGXqwwxD6O8wcxcNUy3omsTvqopdrR8uq2A=
golang.org/x/net v0.0.0-20160514011638-30be488e9140/go.mod h1:mL1N/T3taQHkDXs73rZJwtUhF3w3ftmwwsq0BUmARs4=
gopkg.in/fsnotify.v1 v1.2.8 h1:BHtBmcj32Obn0a1gQtl294WlsVxsJk8BaiACmPRxHIg=
gopkg.in/fsnotify.v1 v1.2.8/go.mod h1:Tz8NjZHkW78fSQdbUxIjBTcgA1z1m8ZHf0WmKUhAMys=
gopkg.in/karlseguin/bytepool.v3 v3.0.4 h1:A6mz08V4uqsWvRmmOxYWYC7uXgMRwlAU5U/wXJEXgpQ=
gopkg.in/karlseguin/bytepool.v3 v3.0.4/go.mod h1:NrOhC87/qef5gfVD1G4cRJbPW8aiehA/lZuWos2hoPg=
gopkg.in/karlseguin/ccache.v1 v1.0.1 h1:IoJtzIe1G+PcEjhaiXxY7wobalthIi/n+d+9sZbJNAg=
gopkg.in/karlseguin/ccache.v1 v1.0.1/go.mod h1:P7doFf2P54r/fFbU9SMsrwbjK151kz6m1V8iKoEQpls=
gopkg.in/karlseguin/gerb.v0 v0.0.0-20150209104244-a6088cc65a6b h1:V/RyF1un96S7TwNnlTk8Yl54kC7mu35rzpUC7RO4jFw=
gopkg.in/karlseguin/gerb.v0 v0.0.0-20150209104244-a6088cc65a6b/go.mod h1:v13RpNFasInFrBihiHiIDieFKqT1FIMZODDBWNh+6+k=
